
Microsoft Visual Studio Solution File, Format Version 12.00
# Visual Studio Version 17
VisualStudioVersion = 17.0.31903.59
MinimumVisualStudioVersion = 10.0.40219.1
Project("{2150E333-8FDC-42A3-9474-1A3956D46DE8}") = "src", "src", "{5DAF9764-02C3-4192-B665-C2F770B9C287}"
EndProject
Project("{FAE04EC0-301F-11D3-BF4B-00C04F79EFBC}") = "CombatTourParTour.Domain", "src\CombatTourParTour.Domain\CombatTourParTour.Domain.csproj", "{476F6CDF-F227-46CB-8CE2-BB4A46E45134}"
EndProject
Project("{FAE04EC0-301F-11D3-BF4B-00C04F79EFBC}") = "CombatTourParTour.Application", "src\CombatTourParTour.Application\CombatTourParTour.Application.csproj", "{CF3257B9-56B0-4A1F-A320-F3689837FB83}"
EndProject
Project("{FAE04EC0-301F-11D3-BF4B-00C04F79EFBC}") = "CombatTourParTour.Cli", "src\CombatTourParTour.Cli\CombatTourParTour.Cli.csproj", "{6C4CF052-D2B0-4C93-9894-AB3B01D5EE6E}"
EndProject
Global
	GlobalSection(SolutionConfigurationPlatforms) = preSolution
		Debug|Any CPU = Debug|Any CPU
		Release|Any CPU = Release|Any CPU
	EndGlobalSection
	GlobalSection(SolutionProperties) = preSolution
		HideSolutionNode = FALSE
	EndGlobalSection
	GlobalSection(ProjectConfigurationPlatforms) = postSolution
		{476F6CDF-F227-46CB-8CE2-BB4A46E45134}.Debug|Any CPU.ActiveCfg = Debug|Any CPU
		{476F6CDF-F227-46CB-8CE2-BB4A46E45134}.Debug|Any CPU.Build.0 = Debug|Any CPU
		{476F6CDF-F227-46CB-8CE2-BB4A46E45134}.Release|Any CPU.ActiveCfg = Release|Any CPU
		{476F6CDF-F227-46CB-8CE2-BB4A46E45134}.Release|Any CPU.Build.0 = Release|Any CPU
		{CF3257B9-56B0-4A1F-A320-F3689837FB83}.Debug|Any CPU.ActiveCfg = Debug|Any CPU
		{CF3257B9-56B0-4A1F-A320-F3689837FB83}.Debug|Any CPU.Build.0 = Debug|Any CPU
		{CF3257B9-56B0-4A1F-A320-F3689837FB83}.Release|Any CPU.ActiveCfg = Release|Any CPU
		{CF3257B9-56B0-4A1F-A320-F3689837FB83}.Release|Any CPU.Build.0 = Release|Any CPU
		{6C4CF052-D2B0-4C93-9894-AB3B01D5EE6E}.Debug|Any CPU.ActiveCfg = Debug|Any CPU
		{6C4CF052-D2B0-4C93-9894-AB3B01D5EE6E}.Debug|Any CPU.Build.0 = Debug|Any CPU
		{6C4CF052-D2B0-4C93-9894-AB3B01D5EE6E}.Release|Any CPU.ActiveCfg = Release|Any CPU
		{6C4CF052-D2B0-4C93-9894-AB3B01D5EE6E}.Release|Any CPU.Build.0 = Release|Any CPU
	EndGlobalSection
	GlobalSection(NestedProjects) = preSolution
		{476F6CDF-F227-46CB-8CE2-BB4A46E45134} = {5DAF9764-02C3-4192-B665-C2F770B9C287}
		{CF3257B9-56B0-4A1F-A320-F3689837FB83} = {5DAF9764-02C3-4192-B665-C2F770B9C287}
		{6C4CF052-D2B0-4C93-9894-AB3B01D5EE6E} = {5DAF9764-02C3-4192-B665-C2F770B9C287}
	EndGlobalSection
EndGlobal
